
Microsoft Visual Studio Solution File, Format Version 12.00
# Visual Studio Version 16
VisualStudioVersion = 25.0.1700.6
MinimumVisualStudioVersion = 10.0.40219.1
Project("{FAE04EC0-301F-11D3-BF4B-00C04F79EFBC}") = "AuthenticationApi", "AuthenticationApi\AuthenticationApi.csproj", "{0192A260-471D-4C78-95CF-76D25C49C3DE}"
EndProject
Global
	GlobalSection(SolutionConfigurationPlatforms) = preSolution
		Debug|Any CPU = Debug|Any CPU
		Release|Any CPU = Release|Any CPU
	EndGlobalSection
	GlobalSection(ProjectConfigurationPlatforms) = postSolution
		{0192A260-471D-4C78-95CF-76D25C49C3DE}.Debug|Any CPU.ActiveCfg = Debug|Any CPU
		{0192A260-471D-4C78-95CF-76D25C49C3DE}.Debug|Any CPU.Build.0 = Debug|Any CPU
		{0192A260-471D-4C78-95CF-76D25C49C3DE}.Release|Any CPU.ActiveCfg = Release|Any CPU
		{0192A260-471D-4C78-95CF-76D25C49C3DE}.Release|Any CPU.Build.0 = Release|Any CPU
	EndGlobalSection
	GlobalSection(SolutionProperties) = preSolution
		HideSolutionNode = FALSE
	EndGlobalSection
	GlobalSection(ExtensibilityGlobals) = postSolution
		SolutionGuid = {50CDCEAD-C3A7-4FEB-90B0-37AE0E8CA3B6}
	EndGlobalSection
EndGlobal
